
Microsoft Visual Studio Solution File, Format Version 12.00
# Visual Studio 2012
Project("{FAE04EC0-301F-11D3-BF4B-00C04F79EFBC}") = "Notify.Web", "Notify.Web\Notify.Web.csproj", "{966AAAF0-9452-4B91-AE3B-1AF23331BBD7}"
EndProject
Project("{FAE04EC0-301F-11D3-BF4B-00C04F79EFBC}") = "Notify.Web.Tests", "Notify.Web.Tests\Notify.Web.Tests.csproj", "{E355C22E-BC03-4B00-A245-EE3BC795139B}"
EndProject
Project("{2150E333-8FDC-42A3-9474-1A3956D46DE8}") = ".nuget", ".nuget", "{3C3C6BEC-DF9A-4DA3-8336-6B0963AC789D}"
	ProjectSection(SolutionItems) = preProject
		.nuget\NuGet.Config = .nuget\NuGet.Config
		.nuget\NuGet.exe = .nuget\NuGet.exe
		.nuget\NuGet.targets = .nuget\NuGet.targets
	EndProjectSection
EndProject
Global
	GlobalSection(SolutionConfigurationPlatforms) = preSolution
		Debug|Any CPU = Debug|Any CPU
		Release|Any CPU = Release|Any CPU
	EndGlobalSection
	GlobalSection(ProjectConfigurationPlatforms) = postSolution
		{966AAAF0-9452-4B91-AE3B-1AF23331BBD7}.Debug|Any CPU.ActiveCfg = Debug|Any CPU
		{966AAAF0-9452-4B91-AE3B-1AF23331BBD7}.Debug|Any CPU.Build.0 = Debug|Any CPU
		{966AAAF0-9452-4B91-AE3B-1AF23331BBD7}.Release|Any CPU.ActiveCfg = Release|Any CPU
		{966AAAF0-9452-4B91-AE3B-1AF23331BBD7}.Release|Any CPU.Build.0 = Release|Any CPU
		{E355C22E-BC03-4B00-A245-EE3BC795139B}.Debug|Any CPU.ActiveCfg = Debug|Any CPU
		{E355C22E-BC03-4B00-A245-EE3BC795139B}.Debug|Any CPU.Build.0 = Debug|Any CPU
		{E355C22E-BC03-4B00-A245-EE3BC795139B}.Release|Any CPU.ActiveCfg = Release|Any CPU
		{E355C22E-BC03-4B00-A245-EE3BC795139B}.Release|Any CPU.Build.0 = Release|Any CPU
	EndGlobalSection
	GlobalSection(SolutionProperties) = preSolution
		HideSolutionNode = FALSE
	EndGlobalSection
EndGlobal
